
Microsoft Visual Studio Solution File, Format Version 12.00
# Visual Studio 2012
Project("{FAE04EC0-301F-11D3-BF4B-00C04F79EFBC}") = "MultiCommandConsole", "MultiCommandConsole\MultiCommandConsole.csproj", "{C8A4A5F7-C8CE-4F59-8583-5701EBCA2D68}"
EndProject
Project("{FAE04EC0-301F-11D3-BF4B-00C04F79EFBC}") = "MultiCommandConsole.Tests", "MultiCommandConsole.Tests\MultiCommandConsole.Tests.csproj", "{F04D3E8A-AA7E-43DC-88F1-0F77C802B10D}"
EndProject
Project("{FAE04EC0-301F-11D3-BF4B-00C04F79EFBC}") = "MultiCommandConsole.Example", "MultiCommandConsole.Example\MultiCommandConsole.Example.csproj", "{9088F12D-7294-42E0-A3F5-F80F564CBBA8}"
EndProject
Project("{FAE04EC0-301F-11D3-BF4B-00C04F79EFBC}") = "Clint", "Clint\Clint.csproj", "{DCC327B9-D34A-49E1-9548-08F55EC027EA}"
EndProject
Project("{FAE04EC0-301F-11D3-BF4B-00C04F79EFBC}") = "Clint.Tests", "Clint.Tests\Clint.Tests.csproj", "{B4407E7A-1BA7-4A1B-BC4C-F487F968D694}"
EndProject
Global
	GlobalSection(SolutionConfigurationPlatforms) = preSolution
		Debug|Any CPU = Debug|Any CPU
		Debug|Mixed Platforms = Debug|Mixed Platforms
		Debug|x86 = Debug|x86
		Release|Any CPU = Release|Any CPU
		Release|Mixed Platforms = Release|Mixed Platforms
		Release|x86 = Release|x86
	EndGlobalSection
	GlobalSection(ProjectConfigurationPlatforms) = postSolution
		{C8A4A5F7-C8CE-4F59-8583-5701EBCA2D68}.Debug|Any CPU.ActiveCfg = Debug|Any CPU
		{C8A4A5F7-C8CE-4F59-8583-5701EBCA2D68}.Debug|Any CPU.Build.0 = Debug|Any CPU
		{C8A4A5F7-C8CE-4F59-8583-5701EBCA2D68}.Debug|Mixed Platforms.ActiveCfg = Debug|Any CPU
		{C8A4A5F7-C8CE-4F59-8583-5701EBCA2D68}.Debug|Mixed Platforms.Build.0 = Debug|Any CPU
		{C8A4A5F7-C8CE-4F59-8583-5701EBCA2D68}.Debug|x86.ActiveCfg = Debug|Any CPU
		{C8A4A5F7-C8CE-4F59-8583-5701EBCA2D68}.Release|Any CPU.ActiveCfg = Release|Any CPU
		{C8A4A5F7-C8CE-4F59-8583-5701EBCA2D68}.Release|Any CPU.Build.0 = Release|Any CPU
		{C8A4A5F7-C8CE-4F59-8583-5701EBCA2D68}.Release|Mixed Platforms.ActiveCfg = Release|Any CPU
		{C8A4A5F7-C8CE-4F59-8583-5701EBCA2D68}.Release|Mixed Platforms.Build.0 = Release|Any CPU
		{C8A4A5F7-C8CE-4F59-8583-5701EBCA2D68}.Release|x86.ActiveCfg = Release|Any CPU
		{F04D3E8A-AA7E-43DC-88F1-0F77C802B10D}.Debug|Any CPU.ActiveCfg = Debug|Any CPU
		{F04D3E8A-AA7E-43DC-88F1-0F77C802B10D}.Debug|Any CPU.Build.0 = Debug|Any CPU
		{F04D3E8A-AA7E-43DC-88F1-0F77C802B10D}.Debug|Mixed Platforms.ActiveCfg = Debug|Any CPU
		{F04D3E8A-AA7E-43DC-88F1-0F77C802B10D}.Debug|Mixed Platforms.Build.0 = Debug|Any CPU
		{F04D3E8A-AA7E-43DC-88F1-0F77C802B10D}.Debug|x86.ActiveCfg = Debug|Any CPU
		{F04D3E8A-AA7E-43DC-88F1-0F77C802B10D}.Release|Any CPU.ActiveCfg = Release|Any CPU
		{F04D3E8A-AA7E-43DC-88F1-0F77C802B10D}.Release|Any CPU.Build.0 = Release|Any CPU
		{F04D3E8A-AA7E-43DC-88F1-0F77C802B10D}.Release|Mixed Platforms.ActiveCfg = Release|Any CPU
		{F04D3E8A-AA7E-43DC-88F1-0F77C802B10D}.Release|Mixed Platforms.Build.0 = Release|Any CPU
		{F04D3E8A-AA7E-43DC-88F1-0F77C802B10D}.Release|x86.ActiveCfg = Release|Any CPU
		{9088F12D-7294-42E0-A3F5-F80F564CBBA8}.Debug|Any CPU.ActiveCfg = Debug|x86
		{9088F12D-7294-42E0-A3F5-F80F564CBBA8}.Debug|Mixed Platforms.ActiveCfg = Debug|x86
		{9088F12D-7294-42E0-A3F5-F80F564CBBA8}.Debug|Mixed Platforms.Build.0 = Debug|x86
		{9088F12D-7294-42E0-A3F5-F80F564CBBA8}.Debug|x86.ActiveCfg = Debug|x86
		{9088F12D-7294-42E0-A3F5-F80F564CBBA8}.Debug|x86.Build.0 = Debug|x86
		{9088F12D-7294-42E0-A3F5-F80F564CBBA8}.Release|Any CPU.ActiveCfg = Release|x86
		{9088F12D-7294-42E0-A3F5-F80F564CBBA8}.Release|Mixed Platforms.ActiveCfg = Release|x86
		{9088F12D-7294-42E0-A3F5-F80F564CBBA8}.Release|Mixed Platforms.Build.0 = Release|x86
		{9088F12D-7294-42E0-A3F5-F80F564CBBA8}.Release|x86.ActiveCfg = Release|x86
		{9088F12D-7294-42E0-A3F5-F80F564CBBA8}.Release|x86.Build.0 = Release|x86
		{DCC327B9-D34A-49E1-9548-08F55EC027EA}.Debug|Any CPU.ActiveCfg = Debug|Any CPU
		{DCC327B9-D34A-49E1-9548-08F55EC027EA}.Debug|Any CPU.Build.0 = Debug|Any CPU
		{DCC327B9-D34A-49E1-9548-08F55EC027EA}.Debug|Mixed Platforms.ActiveCfg = Debug|Any CPU
		{DCC327B9-D34A-49E1-9548-08F55EC027EA}.Debug|Mixed Platforms.Build.0 = Debug|Any CPU
		{DCC327B9-D34A-49E1-9548-08F55EC027EA}.Debug|x86.ActiveCfg = Debug|Any CPU
		{DCC327B9-D34A-49E1-9548-08F55EC027EA}.Release|Any CPU.ActiveCfg = Release|Any CPU
		{DCC327B9-D34A-49E1-9548-08F55EC027EA}.Release|Any CPU.Build.0 = Release|Any CPU
		{DCC327B9-D34A-49E1-9548-08F55EC027EA}.Release|Mixed Platforms.ActiveCfg = Release|Any CPU
		{DCC327B9-D34A-49E1-9548-08F55EC027EA}.Release|Mixed Platforms.Build.0 = Release|Any CPU
		{DCC327B9-D34A-49E1-9548-08F55EC027EA}.Release|x86.ActiveCfg = Release|Any CPU
		{B4407E7A-1BA7-4A1B-BC4C-F487F968D694}.Debug|Any CPU.ActiveCfg = Debug|Any CPU
		{B4407E7A-1BA7-4A1B-BC4C-F487F968D694}.Debug|Any CPU.Build.0 = Debug|Any CPU
		{B4407E7A-1BA7-4A1B-BC4C-F487F968D694}.Debug|Mixed Platforms.ActiveCfg = Debug|Any CPU
		{B4407E7A-1BA7-4A1B-BC4C-F487F968D694}.Debug|Mixed Platforms.Build.0 = Debug|Any CPU
		{B4407E7A-1BA7-4A1B-BC4C-F487F968D694}.Debug|x86.ActiveCfg = Debug|Any CPU
		{B4407E7A-1BA7-4A1B-BC4C-F487F968D694}.Release|Any CPU.ActiveCfg = Release|Any CPU
		{B4407E7A-1BA7-4A1B-BC4C-F487F968D694}.Release|Any CPU.Build.0 = Release|Any CPU
		{B4407E7A-1BA7-4A1B-BC4C-F487F968D694}.Release|Mixed Platforms.ActiveCfg = Release|Any CPU
		{B4407E7A-1BA7-4A1B-BC4C-F487F968D694}.Release|Mixed Platforms.Build.0 = Release|Any CPU
		{B4407E7A-1BA7-4A1B-BC4C-F487F968D694}.Release|x86.ActiveCfg = Release|Any CPU
	EndGlobalSection
	GlobalSection(SolutionProperties) = preSolution
		HideSolutionNode = FALSE
	EndGlobalSection
EndGlobal
